
Microsoft Visual Studio Solution File, Format Version 12.00
# Visual Studio Version 16
VisualStudioVersion = 16.0.29806.167
MinimumVisualStudioVersion = 10.0.40219.1
Project("{FAE04EC0-301F-11D3-BF4B-00C04F79EFBC}") = "InstantActions", "InstantActions\InstantActions.csproj", "{A7866CDF-C252-4823-9F06-73B08DC9F04C}"
EndProject
Project("{FAE04EC0-301F-11D3-BF4B-00C04F79EFBC}") = "JumpRun", "JumpRun\JumpRun.csproj", "{0D139FB9-012A-470E-B9F7-D883C4C19C62}"
EndProject
Project("{FAE04EC0-301F-11D3-BF4B-00C04F79EFBC}") = "FasterPiggy", "FasterPiggy\FasterPiggy.csproj", "{568D3939-9B04-4A96-91F6-AABB60CDA0C8}"
EndProject
Project("{FAE04EC0-301F-11D3-BF4B-00C04F79EFBC}") = "MultipleCommerce", "MultipleCommerce\MultipleCommerce.csproj", "{400AC6C2-AD99-4AA4-8261-B3B6F9BE5B4F}"
EndProject
Project("{FAE04EC0-301F-11D3-BF4B-00C04F79EFBC}") = "MarriageMod", "MarriageMod\MarriageMod.csproj", "{C6630DA0-412F-4156-A5BE-061903FF4526}"
EndProject
Project("{FAE04EC0-301F-11D3-BF4B-00C04F79EFBC}") = "Cheats", "Cheats\Cheats.csproj", "{F66625EF-5723-4061-84C6-7F29CC842DD3}"
EndProject
Project("{FAE04EC0-301F-11D3-BF4B-00C04F79EFBC}") = "Invasion", "Invasion\Invasion.csproj", "{5E714515-5437-49B4-9143-88537251C7C7}"
EndProject
Project("{FAE04EC0-301F-11D3-BF4B-00C04F79EFBC}") = "PennyComeBack", "PennyComeBack\PennyComeBack.csproj", "{5BC4BF9B-38D2-480D-A946-EF2DE3C9E5C9}"
EndProject
Project("{FAE04EC0-301F-11D3-BF4B-00C04F79EFBC}") = "ChineseVoice", "ChineseVoice\ChineseVoice.csproj", "{E4203E6A-E270-4200-8AD4-503D575ED429}"
EndProject
Project("{FAE04EC0-301F-11D3-BF4B-00C04F79EFBC}") = "NPCNoDelete", "NPCNoDelete\NPCNoDelete.csproj", "{007C87B3-B180-4FCD-9CAE-0B6FBAA4A16E}"
EndProject
Project("{FAE04EC0-301F-11D3-BF4B-00C04F79EFBC}") = "MoreResourceDeliveries", "MoreResourceDeliveries\MoreResourceDeliveries.csproj", "{A6F762EC-9018-4898-B850-3A993568524F}"
EndProject
Project("{FAE04EC0-301F-11D3-BF4B-00C04F79EFBC}") = "InfiniteLevels", "InfiniteLevels\InfiniteLevels.csproj", "{BFD5E947-E5DC-43C7-847C-FD5582F601BD}"
EndProject
Project("{FAE04EC0-301F-11D3-BF4B-00C04F79EFBC}") = "MissionDebug", "MissionDebug\MissionDebug.csproj", "{FB5A65DD-458B-4F3B-96CC-36F185817967}"
EndProject
Project("{FAE04EC0-301F-11D3-BF4B-00C04F79EFBC}") = "UnlimitedCivicCorpsMissions", "UnlimitedCivicCorpsMissions\UnlimitedCivicCorpsMissions.csproj", "{AAF181CD-C44F-438E-BAE3-1D1D82242899}"
EndProject
Project("{FAE04EC0-301F-11D3-BF4B-00C04F79EFBC}") = "StorageAnywhere", "StorageAnywhere\StorageAnywhere.csproj", "{2CA82D5B-55C3-44DE-96A1-5DF97CA6726A}"
EndProject
Project("{FAE04EC0-301F-11D3-BF4B-00C04F79EFBC}") = "AlwaysOpen", "AlwaysOpen\AlwaysOpen.csproj", "{97735C01-951C-41F8-83F8-0BFE74590550}"
EndProject
Project("{FAE04EC0-301F-11D3-BF4B-00C04F79EFBC}") = "MusicBox", "MusicBox\MusicBox.csproj", "{B9CF439F-3E2F-42F7-AA7B-1CBFB650BA3C}"
EndProject
Project("{FAE04EC0-301F-11D3-BF4B-00C04F79EFBC}") = "Interact", "Interact\Interact.csproj", "{68BA4B5D-8020-4CD9-AA2F-9EC16356018A}"
EndProject
Project("{FAE04EC0-301F-11D3-BF4B-00C04F79EFBC}") = "VoicePitch", "VoicePitch\VoicePitch.csproj", "{F31ABF16-7617-4062-9186-8581CE318FE3}"
EndProject
Project("{FAE04EC0-301F-11D3-BF4B-00C04F79EFBC}") = "ChangeClothes", "ChangeClothes\ChangeClothes.csproj", "{F22827A7-5CC8-4433-A4FB-FE8E0E560F4F}"
EndProject
Project("{FAE04EC0-301F-11D3-BF4B-00C04F79EFBC}") = "YourTime", "YourTime\YourTime.csproj", "{2530E354-8633-4B4F-BF09-03034E861791}"
EndProject
Project("{FAE04EC0-301F-11D3-BF4B-00C04F79EFBC}") = "DatabaseExtension", "DatabaseExtension\DatabaseExtension.csproj", "{D6AFA7FA-3ED0-4275-8F7B-E592B56D42AD}"
EndProject
Project("{FAE04EC0-301F-11D3-BF4B-00C04F79EFBC}") = "TreasureRevealer", "TreasureRevealer\TreasureRevealer.csproj", "{13A5A8B6-A6AB-4385-85DF-6CEF2AA14CAA}"
EndProject
Project("{FAE04EC0-301F-11D3-BF4B-00C04F79EFBC}") = "SaveAnyTime", "SaveAnyTime\SaveAnyTime.csproj", "{2F658635-010D-49EB-A780-DC5273C5FA32}"
EndProject
Project("{FAE04EC0-301F-11D3-BF4B-00C04F79EFBC}") = "DeeDeeAnywhere", "DeeDeeAnywhere\DeeDeeAnywhere.csproj", "{122B7FF9-ED70-4EC3-B439-0D888F0C048A}"
EndProject
Project("{FAE04EC0-301F-11D3-BF4B-00C04F79EFBC}") = "CustomTextures", "CustomTextures\CustomTextures.csproj", "{355F22E9-7C9E-4C37-9C01-A6E33AE5247D}"
EndProject
Project("{FAE04EC0-301F-11D3-BF4B-00C04F79EFBC}") = "ModelSwitcher", "ModelSwitcher\ModelSwitcher.csproj", "{B4DDEA6A-9003-4674-8221-DC9F14490438}"
EndProject
Project("{FAE04EC0-301F-11D3-BF4B-00C04F79EFBC}") = "Teleport", "Teleport\Teleport.csproj", "{47D7FED6-2C54-46C6-AF8F-6B91CC804750}"
EndProject
Project("{FAE04EC0-301F-11D3-BF4B-00C04F79EFBC}") = "FishBowlMod", "FishBowlMod\FishBowlMod.csproj", "{5E845101-0786-4FB6-90C9-395E87AAE4B9}"
EndProject
Project("{FAE04EC0-301F-11D3-BF4B-00C04F79EFBC}") = "MonsterVacuum", "MonsterVacuum\MonsterVacuum.csproj", "{77A82EA2-1C49-4A7F-8B49-DEDFFEE632F8}"
EndProject
Project("{FAE04EC0-301F-11D3-BF4B-00C04F79EFBC}") = "CustomizePlayer", "CustomizePlayer\CustomizePlayer.csproj", "{9339AED0-869B-4AB2-B5E8-4974992217DC}"
EndProject
Project("{FAE04EC0-301F-11D3-BF4B-00C04F79EFBC}") = "NoWiggle", "NoWiggle\NoWiggle.csproj", "{61FFB588-1CC3-4F89-A4DF-B95CA208118C}"
EndProject
Project("{FAE04EC0-301F-11D3-BF4B-00C04F79EFBC}") = "Environment", "Environment\Environment.csproj", "{DDD40766-C6E2-4538-A04C-9CA3D581C399}"
EndProject
Project("{FAE04EC0-301F-11D3-BF4B-00C04F79EFBC}") = "DialogueEdit", "DialogueEdit\DialogueEdit.csproj", "{09694AB4-E999-4494-B613-499B8FB1E3D7}"
EndProject
Project("{FAE04EC0-301F-11D3-BF4B-00C04F79EFBC}") = "WeaponMod", "WeaponMod\WeaponMod.csproj", "{94F182D6-43D8-4599-A9B4-7A16EAADFDAF}"
EndProject
Project("{FAE04EC0-301F-11D3-BF4B-00C04F79EFBC}") = "CustomMerch", "CustomMerch\CustomMerch.csproj", "{02B12343-69D0-4BE0-906F-56462F5F3163}"
EndProject
Project("{FAE04EC0-301F-11D3-BF4B-00C04F79EFBC}") = "OpenDungeons", "OpenDungeons\OpenDungeons.csproj", "{EE0D6BD7-1FA5-46E5-AF10-E4225E88BE3A}"
EndProject
Project("{FAE04EC0-301F-11D3-BF4B-00C04F79EFBC}") = "PostProcessing", "PostProcessing\PostProcessing.csproj", "{5AD3331E-8F85-4E91-96F0-C65972137ADA}"
EndProject
Project("{FAE04EC0-301F-11D3-BF4B-00C04F79EFBC}") = "CustomQuests", "CustomQuests\CustomQuests.csproj", "{06F79FB4-D84F-4C73-B804-D3D4A4813BE3}"
EndProject
Project("{FAE04EC0-301F-11D3-BF4B-00C04F79EFBC}") = "BuildAnywhere", "BuildAnywhere\BuildAnywhere.csproj", "{8DA313BF-AB6A-437B-BCF9-131355F902D6}"
EndProject
Project("{FAE04EC0-301F-11D3-BF4B-00C04F79EFBC}") = "Swim", "Swim\Swim.csproj", "{D73851A6-4FD0-4F46-801E-62653EA8DE35}"
EndProject
Project("{FAE04EC0-301F-11D3-BF4B-00C04F79EFBC}") = "Lights", "Lights\Lights.csproj", "{4EB52C83-C76D-4174-B5DA-6A9FB682718A}"
EndProject
Project("{FAE04EC0-301F-11D3-BF4B-00C04F79EFBC}") = "PlantMod", "PlantMod\PlantMod.csproj", "{B570AB9C-9772-4B73-94B1-29CA818AB9FE}"
EndProject
Project("{FAE04EC0-301F-11D3-BF4B-00C04F79EFBC}") = "ShippingBin", "ShippingBin\ShippingBin.csproj", "{38B52668-D947-4F71-B615-0494EF7DB075}"
EndProject
Project("{FAE04EC0-301F-11D3-BF4B-00C04F79EFBC}") = "UMMFreeze", "UMMFreeze\UMMFreeze.csproj", "{C99DFD3A-CC38-4404-AB4A-B1D44A938CBC}"
EndProject
Project("{FAE04EC0-301F-11D3-BF4B-00C04F79EFBC}") = "CookingMachine", "CookingMachine\CookingMachine.csproj", "{B096B212-BD66-4D48-B27E-AAE36F2D5FFB}"
EndProject
Project("{FAE04EC0-301F-11D3-BF4B-00C04F79EFBC}") = "FarmAnimals", "FarmAnimals\FarmAnimals.csproj", "{0BD0B28D-9672-4ADD-9558-2317673C52DA}"
EndProject
Project("{FAE04EC0-301F-11D3-BF4B-00C04F79EFBC}") = "Television", "Television\Television.csproj", "{2A22EEE4-3941-4346-AE27-BBB1B2469F4D}"
EndProject
Project("{FAE04EC0-301F-11D3-BF4B-00C04F79EFBC}") = "SkillLimit", "SkillLimit\SkillLimit.csproj", "{E60BA25E-0BA2-4115-8303-91D4EDBB27FB}"
EndProject
Project("{FAE04EC0-301F-11D3-BF4B-00C04F79EFBC}") = "FactoryMod", "FactoryMod\FactoryMod.csproj", "{DB925A76-75F3-44A9-A870-E1201A4FE3ED}"
EndProject
Project("{FAE04EC0-301F-11D3-BF4B-00C04F79EFBC}") = "ExpMultiplier", "ExpMultiplier\ExpMultiplier.csproj", "{25EC4A4A-B61A-43D0-8019-C447BF1AF4C1}"
EndProject
Project("{FAE04EC0-301F-11D3-BF4B-00C04F79EFBC}") = "InstantLoot", "InstantLoot\InstantLoot.csproj", "{231F63AE-BB5F-4F48-879A-309D62A983B3}"
EndProject
Project("{FAE04EC0-301F-11D3-BF4B-00C04F79EFBC}") = "MoreDisplayedMissions", "MoreDisplayedMissions\MoreDisplayedMissions.csproj", "{4505C767-CCA5-44D9-9922-B7FB78BD2591}"
EndProject
Project("{FAE04EC0-301F-11D3-BF4B-00C04F79EFBC}") = "FactoryWorktableDiscount", "FactoryWorktableDiscount\FactoryWorktableDiscount.csproj", "{A8E0B303-C041-46E0-B6B5-F297E54D60B4}"
EndProject
Project("{FAE04EC0-301F-11D3-BF4B-00C04F79EFBC}") = "MoreSkillPoints", "MoreSkillPoints\MoreSkillPoints.csproj", "{993C2AC3-291C-49D0-B983-F57851960283}"
EndProject
Project("{FAE04EC0-301F-11D3-BF4B-00C04F79EFBC}") = "InventoryResize", "InventoryResize\InventoryResize.csproj", "{4472D5DD-D620-4369-9421-9648B89918E1}"
EndProject
Project("{FAE04EC0-301F-11D3-BF4B-00C04F79EFBC}") = "DiscardSpecialItems", "DiscardSpecialItems\DiscardSpecialItems.csproj", "{229D4689-C4C4-48A0-B5E3-99439571D7FA}"
EndProject
Project("{FAE04EC0-301F-11D3-BF4B-00C04F79EFBC}") = "GameManager", "GameManager\GameManager.csproj", "{C5EBA49D-F817-4523-903F-4D7F90D33772}"
EndProject
Project("{FAE04EC0-301F-11D3-BF4B-00C04F79EFBC}") = "ConnectedFactoryStorage", "ConnectedFactoryStorage\ConnectedFactoryStorage.csproj", "{5CC12DCD-F765-484C-9E99-7CCD658A80A7}"
EndProject
Project("{FAE04EC0-301F-11D3-BF4B-00C04F79EFBC}") = "InventoryGiftHighlights", "InventoryGiftHighlights\InventoryGiftHighlights.csproj", "{532B2475-82BE-4EB5-9E1F-11F74F0898CA}"
EndProject
Project("{FAE04EC0-301F-11D3-BF4B-00C04F79EFBC}") = "HereFishy", "HereFishy\HereFishy.csproj", "{A2C4240C-216F-44AD-8EE3-B6438A3DE0A3}"
EndProject
Project("{FAE04EC0-301F-11D3-BF4B-00C04F79EFBC}") = "InstantKill", "InstantKill\InstantKill.csproj", "{D0612C15-4661-461D-BBC4-2F2B966F9BE2}"
EndProject
Project("{FAE04EC0-301F-11D3-BF4B-00C04F79EFBC}") = "DebugUtils", "1DebugUtils\DebugUtils.csproj", "{9FEDF7B1-F022-4083-9561-98105A13D598}"
EndProject
Project("{FAE04EC0-301F-11D3-BF4B-00C04F79EFBC}") = "RelationManager", "RelationManager\RelationManager.csproj", "{9774C3AD-0A82-4C21-A7B6-1234937C1958}"
EndProject
Global
	GlobalSection(SolutionConfigurationPlatforms) = preSolution
		Debug|Any CPU = Debug|Any CPU
		Release|Any CPU = Release|Any CPU
	EndGlobalSection
	GlobalSection(ProjectConfigurationPlatforms) = postSolution
		{A7866CDF-C252-4823-9F06-73B08DC9F04C}.Debug|Any CPU.ActiveCfg = Debug|Any CPU
		{A7866CDF-C252-4823-9F06-73B08DC9F04C}.Debug|Any CPU.Build.0 = Debug|Any CPU
		{A7866CDF-C252-4823-9F06-73B08DC9F04C}.Release|Any CPU.ActiveCfg = Release|Any CPU
		{A7866CDF-C252-4823-9F06-73B08DC9F04C}.Release|Any CPU.Build.0 = Release|Any CPU
		{0D139FB9-012A-470E-B9F7-D883C4C19C62}.Debug|Any CPU.ActiveCfg = Debug|Any CPU
		{0D139FB9-012A-470E-B9F7-D883C4C19C62}.Debug|Any CPU.Build.0 = Debug|Any CPU
		{0D139FB9-012A-470E-B9F7-D883C4C19C62}.Release|Any CPU.ActiveCfg = Release|Any CPU
		{0D139FB9-012A-470E-B9F7-D883C4C19C62}.Release|Any CPU.Build.0 = Release|Any CPU
		{568D3939-9B04-4A96-91F6-AABB60CDA0C8}.Debug|Any CPU.ActiveCfg = Debug|Any CPU
		{568D3939-9B04-4A96-91F6-AABB60CDA0C8}.Debug|Any CPU.Build.0 = Debug|Any CPU
		{568D3939-9B04-4A96-91F6-AABB60CDA0C8}.Release|Any CPU.ActiveCfg = Release|Any CPU
		{568D3939-9B04-4A96-91F6-AABB60CDA0C8}.Release|Any CPU.Build.0 = Release|Any CPU
		{400AC6C2-AD99-4AA4-8261-B3B6F9BE5B4F}.Debug|Any CPU.ActiveCfg = Debug|Any CPU
		{400AC6C2-AD99-4AA4-8261-B3B6F9BE5B4F}.Debug|Any CPU.Build.0 = Debug|Any CPU
		{400AC6C2-AD99-4AA4-8261-B3B6F9BE5B4F}.Release|Any CPU.ActiveCfg = Release|Any CPU
		{400AC6C2-AD99-4AA4-8261-B3B6F9BE5B4F}.Release|Any CPU.Build.0 = Release|Any CPU
		{C6630DA0-412F-4156-A5BE-061903FF4526}.Debug|Any CPU.ActiveCfg = Debug|Any CPU
		{C6630DA0-412F-4156-A5BE-061903FF4526}.Debug|Any CPU.Build.0 = Debug|Any CPU
		{C6630DA0-412F-4156-A5BE-061903FF4526}.Release|Any CPU.ActiveCfg = Release|Any CPU
		{C6630DA0-412F-4156-A5BE-061903FF4526}.Release|Any CPU.Build.0 = Release|Any CPU
		{F66625EF-5723-4061-84C6-7F29CC842DD3}.Debug|Any CPU.ActiveCfg = Debug|Any CPU
		{F66625EF-5723-4061-84C6-7F29CC842DD3}.Debug|Any CPU.Build.0 = Debug|Any CPU
		{F66625EF-5723-4061-84C6-7F29CC842DD3}.Release|Any CPU.ActiveCfg = Release|Any CPU
		{F66625EF-5723-4061-84C6-7F29CC842DD3}.Release|Any CPU.Build.0 = Release|Any CPU
		{5E714515-5437-49B4-9143-88537251C7C7}.Debug|Any CPU.ActiveCfg = Debug|Any CPU
		{5E714515-5437-49B4-9143-88537251C7C7}.Debug|Any CPU.Build.0 = Debug|Any CPU
		{5E714515-5437-49B4-9143-88537251C7C7}.Release|Any CPU.ActiveCfg = Release|Any CPU
		{5E714515-5437-49B4-9143-88537251C7C7}.Release|Any CPU.Build.0 = Release|Any CPU
		{5BC4BF9B-38D2-480D-A946-EF2DE3C9E5C9}.Debug|Any CPU.ActiveCfg = Debug|Any CPU
		{5BC4BF9B-38D2-480D-A946-EF2DE3C9E5C9}.Debug|Any CPU.Build.0 = Debug|Any CPU
		{5BC4BF9B-38D2-480D-A946-EF2DE3C9E5C9}.Release|Any CPU.ActiveCfg = Release|Any CPU
		{5BC4BF9B-38D2-480D-A946-EF2DE3C9E5C9}.Release|Any CPU.Build.0 = Release|Any CPU
		{E4203E6A-E270-4200-8AD4-503D575ED429}.Debug|Any CPU.ActiveCfg = Debug|Any CPU
		{E4203E6A-E270-4200-8AD4-503D575ED429}.Debug|Any CPU.Build.0 = Debug|Any CPU
		{E4203E6A-E270-4200-8AD4-503D575ED429}.Release|Any CPU.ActiveCfg = Release|Any CPU
		{E4203E6A-E270-4200-8AD4-503D575ED429}.Release|Any CPU.Build.0 = Release|Any CPU
		{007C87B3-B180-4FCD-9CAE-0B6FBAA4A16E}.Debug|Any CPU.ActiveCfg = Debug|Any CPU
		{007C87B3-B180-4FCD-9CAE-0B6FBAA4A16E}.Debug|Any CPU.Build.0 = Debug|Any CPU
		{007C87B3-B180-4FCD-9CAE-0B6FBAA4A16E}.Release|Any CPU.ActiveCfg = Release|Any CPU
		{007C87B3-B180-4FCD-9CAE-0B6FBAA4A16E}.Release|Any CPU.Build.0 = Release|Any CPU
		{A6F762EC-9018-4898-B850-3A993568524F}.Debug|Any CPU.ActiveCfg = Debug|Any CPU
		{A6F762EC-9018-4898-B850-3A993568524F}.Debug|Any CPU.Build.0 = Debug|Any CPU
		{A6F762EC-9018-4898-B850-3A993568524F}.Release|Any CPU.ActiveCfg = Release|Any CPU
		{A6F762EC-9018-4898-B850-3A993568524F}.Release|Any CPU.Build.0 = Release|Any CPU
		{BFD5E947-E5DC-43C7-847C-FD5582F601BD}.Debug|Any CPU.ActiveCfg = Debug|Any CPU
		{BFD5E947-E5DC-43C7-847C-FD5582F601BD}.Debug|Any CPU.Build.0 = Debug|Any CPU
		{BFD5E947-E5DC-43C7-847C-FD5582F601BD}.Release|Any CPU.ActiveCfg = Release|Any CPU
		{BFD5E947-E5DC-43C7-847C-FD5582F601BD}.Release|Any CPU.Build.0 = Release|Any CPU
		{FB5A65DD-458B-4F3B-96CC-36F185817967}.Debug|Any CPU.ActiveCfg = Debug|Any CPU
		{FB5A65DD-458B-4F3B-96CC-36F185817967}.Debug|Any CPU.Build.0 = Debug|Any CPU
		{FB5A65DD-458B-4F3B-96CC-36F185817967}.Release|Any CPU.ActiveCfg = Release|Any CPU
		{FB5A65DD-458B-4F3B-96CC-36F185817967}.Release|Any CPU.Build.0 = Release|Any CPU
		{AAF181CD-C44F-438E-BAE3-1D1D82242899}.Debug|Any CPU.ActiveCfg = Debug|Any CPU
		{AAF181CD-C44F-438E-BAE3-1D1D82242899}.Debug|Any CPU.Build.0 = Debug|Any CPU
		{AAF181CD-C44F-438E-BAE3-1D1D82242899}.Release|Any CPU.ActiveCfg = Release|Any CPU
		{AAF181CD-C44F-438E-BAE3-1D1D82242899}.Release|Any CPU.Build.0 = Release|Any CPU
		{2CA82D5B-55C3-44DE-96A1-5DF97CA6726A}.Debug|Any CPU.ActiveCfg = Debug|Any CPU
		{2CA82D5B-55C3-44DE-96A1-5DF97CA6726A}.Debug|Any CPU.Build.0 = Debug|Any CPU
		{2CA82D5B-55C3-44DE-96A1-5DF97CA6726A}.Release|Any CPU.ActiveCfg = Release|Any CPU
		{2CA82D5B-55C3-44DE-96A1-5DF97CA6726A}.Release|Any CPU.Build.0 = Release|Any CPU
		{97735C01-951C-41F8-83F8-0BFE74590550}.Debug|Any CPU.ActiveCfg = Debug|Any CPU
		{97735C01-951C-41F8-83F8-0BFE74590550}.Debug|Any CPU.Build.0 = Debug|Any CPU
		{97735C01-951C-41F8-83F8-0BFE74590550}.Release|Any CPU.ActiveCfg = Release|Any CPU
		{97735C01-951C-41F8-83F8-0BFE74590550}.Release|Any CPU.Build.0 = Release|Any CPU
		{B9CF439F-3E2F-42F7-AA7B-1CBFB650BA3C}.Debug|Any CPU.ActiveCfg = Debug|Any CPU
		{B9CF439F-3E2F-42F7-AA7B-1CBFB650BA3C}.Debug|Any CPU.Build.0 = Debug|Any CPU
		{B9CF439F-3E2F-42F7-AA7B-1CBFB650BA3C}.Release|Any CPU.ActiveCfg = Release|Any CPU
		{B9CF439F-3E2F-42F7-AA7B-1CBFB650BA3C}.Release|Any CPU.Build.0 = Release|Any CPU
		{68BA4B5D-8020-4CD9-AA2F-9EC16356018A}.Debug|Any CPU.ActiveCfg = Debug|Any CPU
		{68BA4B5D-8020-4CD9-AA2F-9EC16356018A}.Debug|Any CPU.Build.0 = Debug|Any CPU
		{68BA4B5D-8020-4CD9-AA2F-9EC16356018A}.Release|Any CPU.ActiveCfg = Release|Any CPU
		{68BA4B5D-8020-4CD9-AA2F-9EC16356018A}.Release|Any CPU.Build.0 = Release|Any CPU
		{F31ABF16-7617-4062-9186-8581CE318FE3}.Debug|Any CPU.ActiveCfg = Debug|Any CPU
		{F31ABF16-7617-4062-9186-8581CE318FE3}.Debug|Any CPU.Build.0 = Debug|Any CPU
		{F31ABF16-7617-4062-9186-8581CE318FE3}.Release|Any CPU.ActiveCfg = Release|Any CPU
		{F31ABF16-7617-4062-9186-8581CE318FE3}.Release|Any CPU.Build.0 = Release|Any CPU
		{F22827A7-5CC8-4433-A4FB-FE8E0E560F4F}.Debug|Any CPU.ActiveCfg = Debug|Any CPU
		{F22827A7-5CC8-4433-A4FB-FE8E0E560F4F}.Debug|Any CPU.Build.0 = Debug|Any CPU
		{F22827A7-5CC8-4433-A4FB-FE8E0E560F4F}.Release|Any CPU.ActiveCfg = Release|Any CPU
		{F22827A7-5CC8-4433-A4FB-FE8E0E560F4F}.Release|Any CPU.Build.0 = Release|Any CPU
		{2530E354-8633-4B4F-BF09-03034E861791}.Debug|Any CPU.ActiveCfg = Debug|Any CPU
		{2530E354-8633-4B4F-BF09-03034E861791}.Debug|Any CPU.Build.0 = Debug|Any CPU
		{2530E354-8633-4B4F-BF09-03034E861791}.Release|Any CPU.ActiveCfg = Release|Any CPU
		{2530E354-8633-4B4F-BF09-03034E861791}.Release|Any CPU.Build.0 = Release|Any CPU
		{D6AFA7FA-3ED0-4275-8F7B-E592B56D42AD}.Debug|Any CPU.ActiveCfg = Debug|Any CPU
		{D6AFA7FA-3ED0-4275-8F7B-E592B56D42AD}.Debug|Any CPU.Build.0 = Debug|Any CPU
		{D6AFA7FA-3ED0-4275-8F7B-E592B56D42AD}.Release|Any CPU.ActiveCfg = Release|Any CPU
		{D6AFA7FA-3ED0-4275-8F7B-E592B56D42AD}.Release|Any CPU.Build.0 = Release|Any CPU
		{13A5A8B6-A6AB-4385-85DF-6CEF2AA14CAA}.Debug|Any CPU.ActiveCfg = Debug|Any CPU
		{13A5A8B6-A6AB-4385-85DF-6CEF2AA14CAA}.Debug|Any CPU.Build.0 = Debug|Any CPU
		{13A5A8B6-A6AB-4385-85DF-6CEF2AA14CAA}.Release|Any CPU.ActiveCfg = Release|Any CPU
		{13A5A8B6-A6AB-4385-85DF-6CEF2AA14CAA}.Release|Any CPU.Build.0 = Release|Any CPU
		{2F658635-010D-49EB-A780-DC5273C5FA32}.Debug|Any CPU.ActiveCfg = Debug|Any CPU
		{2F658635-010D-49EB-A780-DC5273C5FA32}.Debug|Any CPU.Build.0 = Debug|Any CPU
		{2F658635-010D-49EB-A780-DC5273C5FA32}.Release|Any CPU.ActiveCfg = Release|Any CPU
		{2F658635-010D-49EB-A780-DC5273C5FA32}.Release|Any CPU.Build.0 = Release|Any CPU
		{122B7FF9-ED70-4EC3-B439-0D888F0C048A}.Debug|Any CPU.ActiveCfg = Debug|Any CPU
		{122B7FF9-ED70-4EC3-B439-0D888F0C048A}.Debug|Any CPU.Build.0 = Debug|Any CPU
		{122B7FF9-ED70-4EC3-B439-0D888F0C048A}.Release|Any CPU.ActiveCfg = Release|Any CPU
		{122B7FF9-ED70-4EC3-B439-0D888F0C048A}.Release|Any CPU.Build.0 = Release|Any CPU
		{355F22E9-7C9E-4C37-9C01-A6E33AE5247D}.Debug|Any CPU.ActiveCfg = Debug|Any CPU
		{355F22E9-7C9E-4C37-9C01-A6E33AE5247D}.Debug|Any CPU.Build.0 = Debug|Any CPU
		{355F22E9-7C9E-4C37-9C01-A6E33AE5247D}.Release|Any CPU.ActiveCfg = Release|Any CPU
		{355F22E9-7C9E-4C37-9C01-A6E33AE5247D}.Release|Any CPU.Build.0 = Release|Any CPU
		{B4DDEA6A-9003-4674-8221-DC9F14490438}.Debug|Any CPU.ActiveCfg = Debug|Any CPU
		{B4DDEA6A-9003-4674-8221-DC9F14490438}.Debug|Any CPU.Build.0 = Debug|Any CPU
		{B4DDEA6A-9003-4674-8221-DC9F14490438}.Release|Any CPU.ActiveCfg = Release|Any CPU
		{B4DDEA6A-9003-4674-8221-DC9F14490438}.Release|Any CPU.Build.0 = Release|Any CPU
		{47D7FED6-2C54-46C6-AF8F-6B91CC804750}.Debug|Any CPU.ActiveCfg = Debug|Any CPU
		{47D7FED6-2C54-46C6-AF8F-6B91CC804750}.Debug|Any CPU.Build.0 = Debug|Any CPU
		{47D7FED6-2C54-46C6-AF8F-6B91CC804750}.Release|Any CPU.ActiveCfg = Release|Any CPU
		{47D7FED6-2C54-46C6-AF8F-6B91CC804750}.Release|Any CPU.Build.0 = Release|Any CPU
		{5E845101-0786-4FB6-90C9-395E87AAE4B9}.Debug|Any CPU.ActiveCfg = Debug|Any CPU
		{5E845101-0786-4FB6-90C9-395E87AAE4B9}.Debug|Any CPU.Build.0 = Debug|Any CPU
		{5E845101-0786-4FB6-90C9-395E87AAE4B9}.Release|Any CPU.ActiveCfg = Release|Any CPU
		{5E845101-0786-4FB6-90C9-395E87AAE4B9}.Release|Any CPU.Build.0 = Release|Any CPU
		{77A82EA2-1C49-4A7F-8B49-DEDFFEE632F8}.Debug|Any CPU.ActiveCfg = Debug|Any CPU
		{77A82EA2-1C49-4A7F-8B49-DEDFFEE632F8}.Debug|Any CPU.Build.0 = Debug|Any CPU
		{77A82EA2-1C49-4A7F-8B49-DEDFFEE632F8}.Release|Any CPU.ActiveCfg = Release|Any CPU
		{77A82EA2-1C49-4A7F-8B49-DEDFFEE632F8}.Release|Any CPU.Build.0 = Release|Any CPU
		{9339AED0-869B-4AB2-B5E8-4974992217DC}.Debug|Any CPU.ActiveCfg = Debug|Any CPU
		{9339AED0-869B-4AB2-B5E8-4974992217DC}.Debug|Any CPU.Build.0 = Debug|Any CPU
		{9339AED0-869B-4AB2-B5E8-4974992217DC}.Release|Any CPU.ActiveCfg = Release|Any CPU
		{9339AED0-869B-4AB2-B5E8-4974992217DC}.Release|Any CPU.Build.0 = Release|Any CPU
		{61FFB588-1CC3-4F89-A4DF-B95CA208118C}.Debug|Any CPU.ActiveCfg = Debug|Any CPU
		{61FFB588-1CC3-4F89-A4DF-B95CA208118C}.Debug|Any CPU.Build.0 = Debug|Any CPU
		{61FFB588-1CC3-4F89-A4DF-B95CA208118C}.Release|Any CPU.ActiveCfg = Release|Any CPU
		{61FFB588-1CC3-4F89-A4DF-B95CA208118C}.Release|Any CPU.Build.0 = Release|Any CPU
		{DDD40766-C6E2-4538-A04C-9CA3D581C399}.Debug|Any CPU.ActiveCfg = Debug|Any CPU
		{DDD40766-C6E2-4538-A04C-9CA3D581C399}.Debug|Any CPU.Build.0 = Debug|Any CPU
		{DDD40766-C6E2-4538-A04C-9CA3D581C399}.Release|Any CPU.ActiveCfg = Release|Any CPU
		{DDD40766-C6E2-4538-A04C-9CA3D581C399}.Release|Any CPU.Build.0 = Release|Any CPU
		{09694AB4-E999-4494-B613-499B8FB1E3D7}.Debug|Any CPU.ActiveCfg = Debug|Any CPU
		{09694AB4-E999-4494-B613-499B8FB1E3D7}.Debug|Any CPU.Build.0 = Debug|Any CPU
		{09694AB4-E999-4494-B613-499B8FB1E3D7}.Release|Any CPU.ActiveCfg = Release|Any CPU
		{09694AB4-E999-4494-B613-499B8FB1E3D7}.Release|Any CPU.Build.0 = Release|Any CPU
		{94F182D6-43D8-4599-A9B4-7A16EAADFDAF}.Debug|Any CPU.ActiveCfg = Debug|Any CPU
		{94F182D6-43D8-4599-A9B4-7A16EAADFDAF}.Debug|Any CPU.Build.0 = Debug|Any CPU
		{94F182D6-43D8-4599-A9B4-7A16EAADFDAF}.Release|Any CPU.ActiveCfg = Release|Any CPU
		{94F182D6-43D8-4599-A9B4-7A16EAADFDAF}.Release|Any CPU.Build.0 = Release|Any CPU
		{02B12343-69D0-4BE0-906F-56462F5F3163}.Debug|Any CPU.ActiveCfg = Debug|Any CPU
		{02B12343-69D0-4BE0-906F-56462F5F3163}.Debug|Any CPU.Build.0 = Debug|Any CPU
		{02B12343-69D0-4BE0-906F-56462F5F3163}.Release|Any CPU.ActiveCfg = Release|Any CPU
		{02B12343-69D0-4BE0-906F-56462F5F3163}.Release|Any CPU.Build.0 = Release|Any CPU
		{EE0D6BD7-1FA5-46E5-AF10-E4225E88BE3A}.Debug|Any CPU.ActiveCfg = Debug|Any CPU
		{EE0D6BD7-1FA5-46E5-AF10-E4225E88BE3A}.Debug|Any CPU.Build.0 = Debug|Any CPU
		{EE0D6BD7-1FA5-46E5-AF10-E4225E88BE3A}.Release|Any CPU.ActiveCfg = Release|Any CPU
		{EE0D6BD7-1FA5-46E5-AF10-E4225E88BE3A}.Release|Any CPU.Build.0 = Release|Any CPU
		{5AD3331E-8F85-4E91-96F0-C65972137ADA}.Debug|Any CPU.ActiveCfg = Debug|Any CPU
		{5AD3331E-8F85-4E91-96F0-C65972137ADA}.Debug|Any CPU.Build.0 = Debug|Any CPU
		{5AD3331E-8F85-4E91-96F0-C65972137ADA}.Release|Any CPU.ActiveCfg = Release|Any CPU
		{5AD3331E-8F85-4E91-96F0-C65972137ADA}.Release|Any CPU.Build.0 = Release|Any CPU
		{06F79FB4-D84F-4C73-B804-D3D4A4813BE3}.Debug|Any CPU.ActiveCfg = Debug|Any CPU
		{06F79FB4-D84F-4C73-B804-D3D4A4813BE3}.Debug|Any CPU.Build.0 = Debug|Any CPU
		{06F79FB4-D84F-4C73-B804-D3D4A4813BE3}.Release|Any CPU.ActiveCfg = Release|Any CPU
		{06F79FB4-D84F-4C73-B804-D3D4A4813BE3}.Release|Any CPU.Build.0 = Release|Any CPU
		{8DA313BF-AB6A-437B-BCF9-131355F902D6}.Debug|Any CPU.ActiveCfg = Debug|Any CPU
		{8DA313BF-AB6A-437B-BCF9-131355F902D6}.Debug|Any CPU.Build.0 = Debug|Any CPU
		{8DA313BF-AB6A-437B-BCF9-131355F902D6}.Release|Any CPU.ActiveCfg = Release|Any CPU
		{8DA313BF-AB6A-437B-BCF9-131355F902D6}.Release|Any CPU.Build.0 = Release|Any CPU
		{D73851A6-4FD0-4F46-801E-62653EA8DE35}.Debug|Any CPU.ActiveCfg = Debug|Any CPU
		{D73851A6-4FD0-4F46-801E-62653EA8DE35}.Debug|Any CPU.Build.0 = Debug|Any CPU
		{D73851A6-4FD0-4F46-801E-62653EA8DE35}.Release|Any CPU.ActiveCfg = Release|Any CPU
		{D73851A6-4FD0-4F46-801E-62653EA8DE35}.Release|Any CPU.Build.0 = Release|Any CPU
		{4EB52C83-C76D-4174-B5DA-6A9FB682718A}.Debug|Any CPU.ActiveCfg = Debug|Any CPU
		{4EB52C83-C76D-4174-B5DA-6A9FB682718A}.Debug|Any CPU.Build.0 = Debug|Any CPU
		{4EB52C83-C76D-4174-B5DA-6A9FB682718A}.Release|Any CPU.ActiveCfg = Release|Any CPU
		{4EB52C83-C76D-4174-B5DA-6A9FB682718A}.Release|Any CPU.Build.0 = Release|Any CPU
		{B570AB9C-9772-4B73-94B1-29CA818AB9FE}.Debug|Any CPU.ActiveCfg = Debug|Any CPU
		{B570AB9C-9772-4B73-94B1-29CA818AB9FE}.Debug|Any CPU.Build.0 = Debug|Any CPU
		{B570AB9C-9772-4B73-94B1-29CA818AB9FE}.Release|Any CPU.ActiveCfg = Release|Any CPU
		{B570AB9C-9772-4B73-94B1-29CA818AB9FE}.Release|Any CPU.Build.0 = Release|Any CPU
		{38B52668-D947-4F71-B615-0494EF7DB075}.Debug|Any CPU.ActiveCfg = Debug|Any CPU
		{38B52668-D947-4F71-B615-0494EF7DB075}.Debug|Any CPU.Build.0 = Debug|Any CPU
		{38B52668-D947-4F71-B615-0494EF7DB075}.Release|Any CPU.ActiveCfg = Release|Any CPU
		{38B52668-D947-4F71-B615-0494EF7DB075}.Release|Any CPU.Build.0 = Release|Any CPU
		{C99DFD3A-CC38-4404-AB4A-B1D44A938CBC}.Debug|Any CPU.ActiveCfg = Debug|Any CPU
		{C99DFD3A-CC38-4404-AB4A-B1D44A938CBC}.Debug|Any CPU.Build.0 = Debug|Any CPU
		{C99DFD3A-CC38-4404-AB4A-B1D44A938CBC}.Release|Any CPU.ActiveCfg = Release|Any CPU
		{C99DFD3A-CC38-4404-AB4A-B1D44A938CBC}.Release|Any CPU.Build.0 = Release|Any CPU
		{B096B212-BD66-4D48-B27E-AAE36F2D5FFB}.Debug|Any CPU.ActiveCfg = Debug|Any CPU
		{B096B212-BD66-4D48-B27E-AAE36F2D5FFB}.Debug|Any CPU.Build.0 = Debug|Any CPU
		{B096B212-BD66-4D48-B27E-AAE36F2D5FFB}.Release|Any CPU.ActiveCfg = Release|Any CPU
		{B096B212-BD66-4D48-B27E-AAE36F2D5FFB}.Release|Any CPU.Build.0 = Release|Any CPU
		{0BD0B28D-9672-4ADD-9558-2317673C52DA}.Debug|Any CPU.ActiveCfg = Debug|Any CPU
		{0BD0B28D-9672-4ADD-9558-2317673C52DA}.Debug|Any CPU.Build.0 = Debug|Any CPU
		{0BD0B28D-9672-4ADD-9558-2317673C52DA}.Release|Any CPU.ActiveCfg = Release|Any CPU
		{0BD0B28D-9672-4ADD-9558-2317673C52DA}.Release|Any CPU.Build.0 = Release|Any CPU
		{2A22EEE4-3941-4346-AE27-BBB1B2469F4D}.Debug|Any CPU.ActiveCfg = Debug|Any CPU
		{2A22EEE4-3941-4346-AE27-BBB1B2469F4D}.Debug|Any CPU.Build.0 = Debug|Any CPU
		{2A22EEE4-3941-4346-AE27-BBB1B2469F4D}.Release|Any CPU.ActiveCfg = Release|Any CPU
		{2A22EEE4-3941-4346-AE27-BBB1B2469F4D}.Release|Any CPU.Build.0 = Release|Any CPU
		{E60BA25E-0BA2-4115-8303-91D4EDBB27FB}.Debug|Any CPU.ActiveCfg = Debug|Any CPU
		{E60BA25E-0BA2-4115-8303-91D4EDBB27FB}.Debug|Any CPU.Build.0 = Debug|Any CPU
		{E60BA25E-0BA2-4115-8303-91D4EDBB27FB}.Release|Any CPU.ActiveCfg = Release|Any CPU
		{E60BA25E-0BA2-4115-8303-91D4EDBB27FB}.Release|Any CPU.Build.0 = Release|Any CPU
		{DB925A76-75F3-44A9-A870-E1201A4FE3ED}.Debug|Any CPU.ActiveCfg = Debug|Any CPU
		{DB925A76-75F3-44A9-A870-E1201A4FE3ED}.Debug|Any CPU.Build.0 = Debug|Any CPU
		{DB925A76-75F3-44A9-A870-E1201A4FE3ED}.Release|Any CPU.ActiveCfg = Release|Any CPU
		{DB925A76-75F3-44A9-A870-E1201A4FE3ED}.Release|Any CPU.Build.0 = Release|Any CPU
		{25EC4A4A-B61A-43D0-8019-C447BF1AF4C1}.Debug|Any CPU.ActiveCfg = Debug|Any CPU
		{25EC4A4A-B61A-43D0-8019-C447BF1AF4C1}.Debug|Any CPU.Build.0 = Debug|Any CPU
		{25EC4A4A-B61A-43D0-8019-C447BF1AF4C1}.Release|Any CPU.ActiveCfg = Release|Any CPU
		{25EC4A4A-B61A-43D0-8019-C447BF1AF4C1}.Release|Any CPU.Build.0 = Release|Any CPU
		{231F63AE-BB5F-4F48-879A-309D62A983B3}.Debug|Any CPU.ActiveCfg = Debug|Any CPU
		{231F63AE-BB5F-4F48-879A-309D62A983B3}.Debug|Any CPU.Build.0 = Debug|Any CPU
		{231F63AE-BB5F-4F48-879A-309D62A983B3}.Release|Any CPU.ActiveCfg = Release|Any CPU
		{231F63AE-BB5F-4F48-879A-309D62A983B3}.Release|Any CPU.Build.0 = Release|Any CPU
		{4505C767-CCA5-44D9-9922-B7FB78BD2591}.Debug|Any CPU.ActiveCfg = Debug|Any CPU
		{4505C767-CCA5-44D9-9922-B7FB78BD2591}.Debug|Any CPU.Build.0 = Debug|Any CPU
		{4505C767-CCA5-44D9-9922-B7FB78BD2591}.Release|Any CPU.ActiveCfg = Release|Any CPU
		{4505C767-CCA5-44D9-9922-B7FB78BD2591}.Release|Any CPU.Build.0 = Release|Any CPU
		{A8E0B303-C041-46E0-B6B5-F297E54D60B4}.Debug|Any CPU.ActiveCfg = Debug|Any CPU
		{A8E0B303-C041-46E0-B6B5-F297E54D60B4}.Debug|Any CPU.Build.0 = Debug|Any CPU
		{A8E0B303-C041-46E0-B6B5-F297E54D60B4}.Release|Any CPU.ActiveCfg = Release|Any CPU
		{A8E0B303-C041-46E0-B6B5-F297E54D60B4}.Release|Any CPU.Build.0 = Release|Any CPU
		{993C2AC3-291C-49D0-B983-F57851960283}.Debug|Any CPU.ActiveCfg = Debug|Any CPU
		{993C2AC3-291C-49D0-B983-F57851960283}.Debug|Any CPU.Build.0 = Debug|Any CPU
		{993C2AC3-291C-49D0-B983-F57851960283}.Release|Any CPU.ActiveCfg = Release|Any CPU
		{993C2AC3-291C-49D0-B983-F57851960283}.Release|Any CPU.Build.0 = Release|Any CPU
		{4472D5DD-D620-4369-9421-9648B89918E1}.Debug|Any CPU.ActiveCfg = Debug|Any CPU
		{4472D5DD-D620-4369-9421-9648B89918E1}.Debug|Any CPU.Build.0 = Debug|Any CPU
		{4472D5DD-D620-4369-9421-9648B89918E1}.Release|Any CPU.ActiveCfg = Release|Any CPU
		{4472D5DD-D620-4369-9421-9648B89918E1}.Release|Any CPU.Build.0 = Release|Any CPU
		{229D4689-C4C4-48A0-B5E3-99439571D7FA}.Debug|Any CPU.ActiveCfg = Debug|Any CPU
		{229D4689-C4C4-48A0-B5E3-99439571D7FA}.Debug|Any CPU.Build.0 = Debug|Any CPU
		{229D4689-C4C4-48A0-B5E3-99439571D7FA}.Release|Any CPU.ActiveCfg = Release|Any CPU
		{229D4689-C4C4-48A0-B5E3-99439571D7FA}.Release|Any CPU.Build.0 = Release|Any CPU
		{C5EBA49D-F817-4523-903F-4D7F90D33772}.Debug|Any CPU.ActiveCfg = Debug|Any CPU
		{C5EBA49D-F817-4523-903F-4D7F90D33772}.Debug|Any CPU.Build.0 = Debug|Any CPU
		{C5EBA49D-F817-4523-903F-4D7F90D33772}.Release|Any CPU.ActiveCfg = Release|Any CPU
		{C5EBA49D-F817-4523-903F-4D7F90D33772}.Release|Any CPU.Build.0 = Release|Any CPU
		{5CC12DCD-F765-484C-9E99-7CCD658A80A7}.Debug|Any CPU.ActiveCfg = Debug|Any CPU
		{5CC12DCD-F765-484C-9E99-7CCD658A80A7}.Debug|Any CPU.Build.0 = Debug|Any CPU
		{5CC12DCD-F765-484C-9E99-7CCD658A80A7}.Release|Any CPU.ActiveCfg = Release|Any CPU
		{5CC12DCD-F765-484C-9E99-7CCD658A80A7}.Release|Any CPU.Build.0 = Release|Any CPU
		{532B2475-82BE-4EB5-9E1F-11F74F0898CA}.Debug|Any CPU.ActiveCfg = Debug|Any CPU
		{532B2475-82BE-4EB5-9E1F-11F74F0898CA}.Debug|Any CPU.Build.0 = Debug|Any CPU
		{532B2475-82BE-4EB5-9E1F-11F74F0898CA}.Release|Any CPU.ActiveCfg = Release|Any CPU
		{532B2475-82BE-4EB5-9E1F-11F74F0898CA}.Release|Any CPU.Build.0 = Release|Any CPU
		{A2C4240C-216F-44AD-8EE3-B6438A3DE0A3}.Debug|Any CPU.ActiveCfg = Debug|Any CPU
		{A2C4240C-216F-44AD-8EE3-B6438A3DE0A3}.Debug|Any CPU.Build.0 = Debug|Any CPU
		{A2C4240C-216F-44AD-8EE3-B6438A3DE0A3}.Release|Any CPU.ActiveCfg = Release|Any CPU
		{A2C4240C-216F-44AD-8EE3-B6438A3DE0A3}.Release|Any CPU.Build.0 = Release|Any CPU
		{D0612C15-4661-461D-BBC4-2F2B966F9BE2}.Debug|Any CPU.ActiveCfg = Debug|Any CPU
		{D0612C15-4661-461D-BBC4-2F2B966F9BE2}.Debug|Any CPU.Build.0 = Debug|Any CPU
		{D0612C15-4661-461D-BBC4-2F2B966F9BE2}.Release|Any CPU.ActiveCfg = Release|Any CPU
		{D0612C15-4661-461D-BBC4-2F2B966F9BE2}.Release|Any CPU.Build.0 = Release|Any CPU
		{9FEDF7B1-F022-4083-9561-98105A13D598}.Debug|Any CPU.ActiveCfg = Debug|Any CPU
		{9FEDF7B1-F022-4083-9561-98105A13D598}.Debug|Any CPU.Build.0 = Debug|Any CPU
		{9FEDF7B1-F022-4083-9561-98105A13D598}.Release|Any CPU.ActiveCfg = Release|Any CPU
		{9FEDF7B1-F022-4083-9561-98105A13D598}.Release|Any CPU.Build.0 = Release|Any CPU
		{9774C3AD-0A82-4C21-A7B6-1234937C1958}.Debug|Any CPU.ActiveCfg = Debug|Any CPU
		{9774C3AD-0A82-4C21-A7B6-1234937C1958}.Debug|Any CPU.Build.0 = Debug|Any CPU
		{9774C3AD-0A82-4C21-A7B6-1234937C1958}.Release|Any CPU.ActiveCfg = Release|Any CPU
		{9774C3AD-0A82-4C21-A7B6-1234937C1958}.Release|Any CPU.Build.0 = Release|Any CPU
	EndGlobalSection
	GlobalSection(SolutionProperties) = preSolution
		HideSolutionNode = FALSE
	EndGlobalSection
	GlobalSection(ExtensibilityGlobals) = postSolution
		SolutionGuid = {315FE641-A762-46E1-A064-6D41C599E968}
	EndGlobalSection
EndGlobal
